
Microsoft Visual Studio Solution File, Format Version 12.00
# Visual Studio Version 17
VisualStudioVersion = 17.7.34221.43
MinimumVisualStudioVersion = 10.0.40219.1
Project("{FAE04EC0-301F-11D3-BF4B-00C04F79EFBC}") = "CryogattServerAPI", "CryogattServerAPI\CryogattServerAPI.csproj", "{596D1F4F-0F82-4369-B668-730F9BC33916}"
EndProject
Project("{FAE04EC0-301F-11D3-BF4B-00C04F79EFBC}") = "ContainerLevels", "BusinessRules\ContainerLevels\ContainerLevels.csproj", "{75012D81-1F89-45BD-AB8A-37B80A282971}"
EndProject
Project("{FAE04EC0-301F-11D3-BF4B-00C04F79EFBC}") = "ContainerTypes", "BusinessRules\ContainerIdents\ContainerTypes.csproj", "{D31486E4-C624-46E4-AF73-E7AE555FF929}"
EndProject
Project("{FAE04EC0-301F-11D3-BF4B-00C04F79EFBC}") = "ContainerLevelsTest", "BusinessRules\Tests\ContainerLevelsTest\ContainerLevelsTest.csproj", "{7F2D091C-8DB2-4D97-B098-CA5FF718DF72}"
EndProject
Project("{FAE04EC0-301F-11D3-BF4B-00C04F79EFBC}") = "ContainerTypesTest", "ContainerTypesTest\ContainerTypesTest.csproj", "{EA33B048-20DC-42F1-A1CD-007E26A77D4F}"
EndProject
Project("{FAE04EC0-301F-11D3-BF4B-00C04F79EFBC}") = "StorageHierarchy", "BusinessRules\StorageHierarchy\StorageHierarchy.csproj", "{A4119471-0588-48AB-B2E4-E8B774C7F2D4}"
EndProject
Project("{FAE04EC0-301F-11D3-BF4B-00C04F79EFBC}") = "StorageHierarchyTests", "StorageHierarchyTests\StorageHierarchyTests.csproj", "{F91A3A2C-57FF-4D23-A2AD-82849B76BE72}"
EndProject
Project("{2150E333-8FDC-42A3-9474-1A3956D46DE8}") = "Infrastructure", "Infrastructure", "{860C9E89-443C-434A-A9A1-7F0D295BC82A}"
EndProject
Project("{FAE04EC0-301F-11D3-BF4B-00C04F79EFBC}") = "Users", "User\Users.csproj", "{C933E645-A128-467B-BFF0-64DE0F4020BC}"
EndProject
Project("{FAE04EC0-301F-11D3-BF4B-00C04F79EFBC}") = "Services", "Common\Services.csproj", "{52BC681B-CD09-4725-8314-BAF7B5C51443}"
EndProject
Project("{2150E333-8FDC-42A3-9474-1A3956D46DE8}") = "Data Access Layer", "Data Access Layer", "{C92B12EF-3F5E-40F5-AAEA-D226B9C03BE6}"
EndProject
Project("{FAE04EC0-301F-11D3-BF4B-00C04F79EFBC}") = "UsersDAL", "UsersEF\UsersDAL.csproj", "{345999A4-AFDF-4310-8005-28EEE24DFAD2}"
EndProject
Project("{FAE04EC0-301F-11D3-BF4B-00C04F79EFBC}") = "CommonEF", "CommonEF\CommonEF.csproj", "{994D78D2-1C25-4E51-BF0F-BC2938CA78FE}"
EndProject
Project("{FAE04EC0-301F-11D3-BF4B-00C04F79EFBC}") = "UsersDAL.Tests", "UsersEF.Tests\UsersDAL.Tests.csproj", "{28A6E02D-223C-4502-8067-D4AE5FEE2919}"
EndProject
Project("{2150E333-8FDC-42A3-9474-1A3956D46DE8}") = "Business Layer", "Business Layer", "{8669820D-6292-4E6C-BE18-8F3A30BA84A5}"
EndProject
Project("{FAE04EC0-301F-11D3-BF4B-00C04F79EFBC}") = "UserService", "UserProcessor\UserService.csproj", "{56911732-9D70-454E-863C-2AD98CE89C86}"
EndProject
Project("{2150E333-8FDC-42A3-9474-1A3956D46DE8}") = "Presentation", "Presentation", "{2D2DC318-2FA7-4BB2-8F5F-65E7A8BB6CAE}"
EndProject
Project("{FAE04EC0-301F-11D3-BF4B-00C04F79EFBC}") = "Container", "Container\Container.csproj", "{824CF03F-E7EB-4543-8FDE-F29884C737FD}"
EndProject
Project("{FAE04EC0-301F-11D3-BF4B-00C04F79EFBC}") = "ContainerService", "ContainerProcessor\ContainerService.csproj", "{6D2FB809-D864-4266-9E93-2CB09C361D55}"
EndProject
Project("{FAE04EC0-301F-11D3-BF4B-00C04F79EFBC}") = "ContainerDAL", "ContainerDAL\ContainerDAL.csproj", "{77CE5017-D31A-4874-9444-C5BBF436466F}"
EndProject
Project("{FAE04EC0-301F-11D3-BF4B-00C04F79EFBC}") = "PickList", "PickList\PickList.csproj", "{6CACA4D4-05D8-4E32-AC33-9D92841E133F}"
EndProject
Project("{FAE04EC0-301F-11D3-BF4B-00C04F79EFBC}") = "Material", "Material\Material.csproj", "{B4F6C92B-BD18-468D-A76D-29B35B651FBD}"
EndProject
Project("{FAE04EC0-301F-11D3-BF4B-00C04F79EFBC}") = "MaterialDAL", "MaterialDAL\MaterialDAL.csproj", "{6B39AC0D-61CB-4FEE-91AA-67671C2D760F}"
EndProject
Project("{FAE04EC0-301F-11D3-BF4B-00C04F79EFBC}") = "MaterialService", "MaterialService\MaterialService.csproj", "{9EDE1006-B56F-44DC-ADBC-EBD9F49F04B0}"
EndProject
Project("{FAE04EC0-301F-11D3-BF4B-00C04F79EFBC}") = "History", "History\History.csproj", "{79CB74BE-C997-4D9B-ADFC-F6BF0DDC8F35}"
EndProject
Project("{FAE04EC0-301F-11D3-BF4B-00C04F79EFBC}") = "HistoryService", "HistoryService\HistoryService.csproj", "{03A35715-2F0A-410A-9554-5908CBFBD8B0}"
EndProject
Project("{FAE04EC0-301F-11D3-BF4B-00C04F79EFBC}") = "HistoryDAL", "HistoryDAL\HistoryDAL.csproj", "{5FD45640-8133-4AB4-AAB8-CE4A8BAC2045}"
EndProject
Project("{FAE04EC0-301F-11D3-BF4B-00C04F79EFBC}") = "Distribution", "Distribution\Distribution.csproj", "{C446E85A-FD6F-42EF-87E9-9C58140F95E5}"
EndProject
Project("{FAE04EC0-301F-11D3-BF4B-00C04F79EFBC}") = "RFID", "RFID\RFID.csproj", "{1B794941-E522-45A3-8100-3342677BEE8E}"
EndProject
Project("{FAE04EC0-301F-11D3-BF4B-00C04F79EFBC}") = "StorageOperations", "StorageOperations\StorageOperations.csproj", "{80F055DA-9E87-424E-AFEA-BAE6715B14DD}"
EndProject
Project("{FAE04EC0-301F-11D3-BF4B-00C04F79EFBC}") = "DistributionDAL", "DistributionDAL\DistributionDAL.csproj", "{68E5F816-75A0-4CED-A4EF-B128B748C04E}"
EndProject
Project("{FAE04EC0-301F-11D3-BF4B-00C04F79EFBC}") = "DistributionService", "DistributionService\DistributionService.csproj", "{E601C482-BEDB-463D-8D2C-249A88BD61B1}"
EndProject
Project("{2150E333-8FDC-42A3-9474-1A3956D46DE8}") = "Tests", "Tests", "{E368792D-79F2-406A-9459-CEB361E72AA2}"
EndProject
Project("{FAE04EC0-301F-11D3-BF4B-00C04F79EFBC}") = "StorageOperationsTest", "StorageOperationsTest\StorageOperationsTest.csproj", "{DE568D99-A8FF-454A-8429-44D82560748E}"
EndProject
Project("{2150E333-8FDC-42A3-9474-1A3956D46DE8}") = "Tests", "Tests", "{BEF06719-A49C-4777-BA0F-DFA46CE66CBB}"
EndProject
Project("{FAE04EC0-301F-11D3-BF4B-00C04F79EFBC}") = "ContainerDAL.Tests", "ContainerDAL.Tests\ContainerDAL.Tests.csproj", "{A4B0AD01-3F29-4053-B8B8-720F85E4A7DA}"
EndProject
Project("{FAE04EC0-301F-11D3-BF4B-00C04F79EFBC}") = "TestData", "TestData\TestData.csproj", "{5BE7F856-14D2-415A-849D-581529A8057B}"
EndProject
Project("{FAE04EC0-301F-11D3-BF4B-00C04F79EFBC}") = "Trace", "Trace\Trace.csproj", "{47558BFF-0CE8-4AD6-9048-CFC6E3989AB5}"
EndProject
Global
	GlobalSection(SolutionConfigurationPlatforms) = preSolution
		Debug|Any CPU = Debug|Any CPU
		Debug|ARM64 = Debug|ARM64
		Debug|x64 = Debug|x64
		Debug|x86 = Debug|x86
		Release|Any CPU = Release|Any CPU
		Release|ARM64 = Release|ARM64
		Release|x64 = Release|x64
		Release|x86 = Release|x86
	EndGlobalSection
	GlobalSection(ProjectConfigurationPlatforms) = postSolution
		{596D1F4F-0F82-4369-B668-730F9BC33916}.Debug|Any CPU.ActiveCfg = Debug|Any CPU
		{596D1F4F-0F82-4369-B668-730F9BC33916}.Debug|Any CPU.Build.0 = Debug|Any CPU
		{596D1F4F-0F82-4369-B668-730F9BC33916}.Debug|ARM64.ActiveCfg = Debug|Any CPU
		{596D1F4F-0F82-4369-B668-730F9BC33916}.Debug|ARM64.Build.0 = Debug|Any CPU
		{596D1F4F-0F82-4369-B668-730F9BC33916}.Debug|x64.ActiveCfg = Debug|Any CPU
		{596D1F4F-0F82-4369-B668-730F9BC33916}.Debug|x64.Build.0 = Debug|Any CPU
		{596D1F4F-0F82-4369-B668-730F9BC33916}.Debug|x86.ActiveCfg = Debug|Any CPU
		{596D1F4F-0F82-4369-B668-730F9BC33916}.Debug|x86.Build.0 = Debug|Any CPU
		{596D1F4F-0F82-4369-B668-730F9BC33916}.Release|Any CPU.ActiveCfg = Release|Any CPU
		{596D1F4F-0F82-4369-B668-730F9BC33916}.Release|Any CPU.Build.0 = Release|Any CPU
		{596D1F4F-0F82-4369-B668-730F9BC33916}.Release|ARM64.ActiveCfg = Release|Any CPU
		{596D1F4F-0F82-4369-B668-730F9BC33916}.Release|ARM64.Build.0 = Release|Any CPU
		{596D1F4F-0F82-4369-B668-730F9BC33916}.Release|x64.ActiveCfg = Release|Any CPU
		{596D1F4F-0F82-4369-B668-730F9BC33916}.Release|x64.Build.0 = Release|Any CPU
		{596D1F4F-0F82-4369-B668-730F9BC33916}.Release|x86.ActiveCfg = Release|Any CPU
		{596D1F4F-0F82-4369-B668-730F9BC33916}.Release|x86.Build.0 = Release|Any CPU
		{75012D81-1F89-45BD-AB8A-37B80A282971}.Debug|Any CPU.ActiveCfg = Debug|Any CPU
		{75012D81-1F89-45BD-AB8A-37B80A282971}.Debug|Any CPU.Build.0 = Debug|Any CPU
		{75012D81-1F89-45BD-AB8A-37B80A282971}.Debug|ARM64.ActiveCfg = Debug|Any CPU
		{75012D81-1F89-45BD-AB8A-37B80A282971}.Debug|ARM64.Build.0 = Debug|Any CPU
		{75012D81-1F89-45BD-AB8A-37B80A282971}.Debug|x64.ActiveCfg = Debug|Any CPU
		{75012D81-1F89-45BD-AB8A-37B80A282971}.Debug|x64.Build.0 = Debug|Any CPU
		{75012D81-1F89-45BD-AB8A-37B80A282971}.Debug|x86.ActiveCfg = Debug|Any CPU
		{75012D81-1F89-45BD-AB8A-37B80A282971}.Debug|x86.Build.0 = Debug|Any CPU
		{75012D81-1F89-45BD-AB8A-37B80A282971}.Release|Any CPU.ActiveCfg = Release|Any CPU
		{75012D81-1F89-45BD-AB8A-37B80A282971}.Release|Any CPU.Build.0 = Release|Any CPU
		{75012D81-1F89-45BD-AB8A-37B80A282971}.Release|ARM64.ActiveCfg = Release|Any CPU
		{75012D81-1F89-45BD-AB8A-37B80A282971}.Release|ARM64.Build.0 = Release|Any CPU
		{75012D81-1F89-45BD-AB8A-37B80A282971}.Release|x64.ActiveCfg = Release|Any CPU
		{75012D81-1F89-45BD-AB8A-37B80A282971}.Release|x64.Build.0 = Release|Any CPU
		{75012D81-1F89-45BD-AB8A-37B80A282971}.Release|x86.ActiveCfg = Release|Any CPU
		{75012D81-1F89-45BD-AB8A-37B80A282971}.Release|x86.Build.0 = Release|Any CPU
		{D31486E4-C624-46E4-AF73-E7AE555FF929}.Debug|Any CPU.ActiveCfg = Debug|Any CPU
		{D31486E4-C624-46E4-AF73-E7AE555FF929}.Debug|Any CPU.Build.0 = Debug|Any CPU
		{D31486E4-C624-46E4-AF73-E7AE555FF929}.Debug|ARM64.ActiveCfg = Debug|Any CPU
		{D31486E4-C624-46E4-AF73-E7AE555FF929}.Debug|ARM64.Build.0 = Debug|Any CPU
		{D31486E4-C624-46E4-AF73-E7AE555FF929}.Debug|x64.ActiveCfg = Debug|Any CPU
		{D31486E4-C624-46E4-AF73-E7AE555FF929}.Debug|x64.Build.0 = Debug|Any CPU
		{D31486E4-C624-46E4-AF73-E7AE555FF929}.Debug|x86.ActiveCfg = Debug|Any CPU
		{D31486E4-C624-46E4-AF73-E7AE555FF929}.Debug|x86.Build.0 = Debug|Any CPU
		{D31486E4-C624-46E4-AF73-E7AE555FF929}.Release|Any CPU.ActiveCfg = Release|Any CPU
		{D31486E4-C624-46E4-AF73-E7AE555FF929}.Release|Any CPU.Build.0 = Release|Any CPU
		{D31486E4-C624-46E4-AF73-E7AE555FF929}.Release|ARM64.ActiveCfg = Release|Any CPU
		{D31486E4-C624-46E4-AF73-E7AE555FF929}.Release|ARM64.Build.0 = Release|Any CPU
		{D31486E4-C624-46E4-AF73-E7AE555FF929}.Release|x64.ActiveCfg = Release|Any CPU
		{D31486E4-C624-46E4-AF73-E7AE555FF929}.Release|x64.Build.0 = Release|Any CPU
		{D31486E4-C624-46E4-AF73-E7AE555FF929}.Release|x86.ActiveCfg = Release|Any CPU
		{D31486E4-C624-46E4-AF73-E7AE555FF929}.Release|x86.Build.0 = Release|Any CPU
		{7F2D091C-8DB2-4D97-B098-CA5FF718DF72}.Debug|Any CPU.ActiveCfg = Debug|Any CPU
		{7F2D091C-8DB2-4D97-B098-CA5FF718DF72}.Debug|Any CPU.Build.0 = Debug|Any CPU
		{7F2D091C-8DB2-4D97-B098-CA5FF718DF72}.Debug|ARM64.ActiveCfg = Debug|Any CPU
		{7F2D091C-8DB2-4D97-B098-CA5FF718DF72}.Debug|ARM64.Build.0 = Debug|Any CPU
		{7F2D091C-8DB2-4D97-B098-CA5FF718DF72}.Debug|x64.ActiveCfg = Debug|Any CPU
		{7F2D091C-8DB2-4D97-B098-CA5FF718DF72}.Debug|x64.Build.0 = Debug|Any CPU
		{7F2D091C-8DB2-4D97-B098-CA5FF718DF72}.Debug|x86.ActiveCfg = Debug|Any CPU
		{7F2D091C-8DB2-4D97-B098-CA5FF718DF72}.Debug|x86.Build.0 = Debug|Any CPU
		{7F2D091C-8DB2-4D97-B098-CA5FF718DF72}.Release|Any CPU.ActiveCfg = Release|Any CPU
		{7F2D091C-8DB2-4D97-B098-CA5FF718DF72}.Release|Any CPU.Build.0 = Release|Any CPU
		{7F2D091C-8DB2-4D97-B098-CA5FF718DF72}.Release|ARM64.ActiveCfg = Release|Any CPU
		{7F2D091C-8DB2-4D97-B098-CA5FF718DF72}.Release|ARM64.Build.0 = Release|Any CPU
		{7F2D091C-8DB2-4D97-B098-CA5FF718DF72}.Release|x64.ActiveCfg = Release|Any CPU
		{7F2D091C-8DB2-4D97-B098-CA5FF718DF72}.Release|x64.Build.0 = Release|Any CPU
		{7F2D091C-8DB2-4D97-B098-CA5FF718DF72}.Release|x86.ActiveCfg = Release|Any CPU
		{7F2D091C-8DB2-4D97-B098-CA5FF718DF72}.Release|x86.Build.0 = Release|Any CPU
		{EA33B048-20DC-42F1-A1CD-007E26A77D4F}.Debug|Any CPU.ActiveCfg = Debug|Any CPU
		{EA33B048-20DC-42F1-A1CD-007E26A77D4F}.Debug|Any CPU.Build.0 = Debug|Any CPU
		{EA33B048-20DC-42F1-A1CD-007E26A77D4F}.Debug|ARM64.ActiveCfg = Debug|Any CPU
		{EA33B048-20DC-42F1-A1CD-007E26A77D4F}.Debug|ARM64.Build.0 = Debug|Any CPU
		{EA33B048-20DC-42F1-A1CD-007E26A77D4F}.Debug|x64.ActiveCfg = Debug|Any CPU
		{EA33B048-20DC-42F1-A1CD-007E26A77D4F}.Debug|x64.Build.0 = Debug|Any CPU
		{EA33B048-20DC-42F1-A1CD-007E26A77D4F}.Debug|x86.ActiveCfg = Debug|Any CPU
		{EA33B048-20DC-42F1-A1CD-007E26A77D4F}.Debug|x86.Build.0 = Debug|Any CPU
		{EA33B048-20DC-42F1-A1CD-007E26A77D4F}.Release|Any CPU.ActiveCfg = Release|Any CPU
		{EA33B048-20DC-42F1-A1CD-007E26A77D4F}.Release|Any CPU.Build.0 = Release|Any CPU
		{EA33B048-20DC-42F1-A1CD-007E26A77D4F}.Release|ARM64.ActiveCfg = Release|Any CPU
		{EA33B048-20DC-42F1-A1CD-007E26A77D4F}.Release|ARM64.Build.0 = Release|Any CPU
		{EA33B048-20DC-42F1-A1CD-007E26A77D4F}.Release|x64.ActiveCfg = Release|Any CPU
		{EA33B048-20DC-42F1-A1CD-007E26A77D4F}.Release|x64.Build.0 = Release|Any CPU
		{EA33B048-20DC-42F1-A1CD-007E26A77D4F}.Release|x86.ActiveCfg = Release|Any CPU
		{EA33B048-20DC-42F1-A1CD-007E26A77D4F}.Release|x86.Build.0 = Release|Any CPU
		{A4119471-0588-48AB-B2E4-E8B774C7F2D4}.Debug|Any CPU.ActiveCfg = Debug|Any CPU
		{A4119471-0588-48AB-B2E4-E8B774C7F2D4}.Debug|Any CPU.Build.0 = Debug|Any CPU
		{A4119471-0588-48AB-B2E4-E8B774C7F2D4}.Debug|ARM64.ActiveCfg = Debug|Any CPU
		{A4119471-0588-48AB-B2E4-E8B774C7F2D4}.Debug|ARM64.Build.0 = Debug|Any CPU
		{A4119471-0588-48AB-B2E4-E8B774C7F2D4}.Debug|x64.ActiveCfg = Debug|Any CPU
		{A4119471-0588-48AB-B2E4-E8B774C7F2D4}.Debug|x64.Build.0 = Debug|Any CPU
		{A4119471-0588-48AB-B2E4-E8B774C7F2D4}.Debug|x86.ActiveCfg = Debug|Any CPU
		{A4119471-0588-48AB-B2E4-E8B774C7F2D4}.Debug|x86.Build.0 = Debug|Any CPU
		{A4119471-0588-48AB-B2E4-E8B774C7F2D4}.Release|Any CPU.ActiveCfg = Release|Any CPU
		{A4119471-0588-48AB-B2E4-E8B774C7F2D4}.Release|Any CPU.Build.0 = Release|Any CPU
		{A4119471-0588-48AB-B2E4-E8B774C7F2D4}.Release|ARM64.ActiveCfg = Release|Any CPU
		{A4119471-0588-48AB-B2E4-E8B774C7F2D4}.Release|ARM64.Build.0 = Release|Any CPU
		{A4119471-0588-48AB-B2E4-E8B774C7F2D4}.Release|x64.ActiveCfg = Release|Any CPU
		{A4119471-0588-48AB-B2E4-E8B774C7F2D4}.Release|x64.Build.0 = Release|Any CPU
		{A4119471-0588-48AB-B2E4-E8B774C7F2D4}.Release|x86.ActiveCfg = Release|Any CPU
		{A4119471-0588-48AB-B2E4-E8B774C7F2D4}.Release|x86.Build.0 = Release|Any CPU
		{F91A3A2C-57FF-4D23-A2AD-82849B76BE72}.Debug|Any CPU.ActiveCfg = Debug|Any CPU
		{F91A3A2C-57FF-4D23-A2AD-82849B76BE72}.Debug|Any CPU.Build.0 = Debug|Any CPU
		{F91A3A2C-57FF-4D23-A2AD-82849B76BE72}.Debug|ARM64.ActiveCfg = Debug|Any CPU
		{F91A3A2C-57FF-4D23-A2AD-82849B76BE72}.Debug|ARM64.Build.0 = Debug|Any CPU
		{F91A3A2C-57FF-4D23-A2AD-82849B76BE72}.Debug|x64.ActiveCfg = Debug|Any CPU
		{F91A3A2C-57FF-4D23-A2AD-82849B76BE72}.Debug|x64.Build.0 = Debug|Any CPU
		{F91A3A2C-57FF-4D23-A2AD-82849B76BE72}.Debug|x86.ActiveCfg = Debug|Any CPU
		{F91A3A2C-57FF-4D23-A2AD-82849B76BE72}.Debug|x86.Build.0 = Debug|Any CPU
		{F91A3A2C-57FF-4D23-A2AD-82849B76BE72}.Release|Any CPU.ActiveCfg = Release|Any CPU
		{F91A3A2C-57FF-4D23-A2AD-82849B76BE72}.Release|Any CPU.Build.0 = Release|Any CPU
		{F91A3A2C-57FF-4D23-A2AD-82849B76BE72}.Release|ARM64.ActiveCfg = Release|Any CPU
		{F91A3A2C-57FF-4D23-A2AD-82849B76BE72}.Release|ARM64.Build.0 = Release|Any CPU
		{F91A3A2C-57FF-4D23-A2AD-82849B76BE72}.Release|x64.ActiveCfg = Release|Any CPU
		{F91A3A2C-57FF-4D23-A2AD-82849B76BE72}.Release|x64.Build.0 = Release|Any CPU
		{F91A3A2C-57FF-4D23-A2AD-82849B76BE72}.Release|x86.ActiveCfg = Release|Any CPU
		{F91A3A2C-57FF-4D23-A2AD-82849B76BE72}.Release|x86.Build.0 = Release|Any CPU
		{C933E645-A128-467B-BFF0-64DE0F4020BC}.Debug|Any CPU.ActiveCfg = Debug|Any CPU
		{C933E645-A128-467B-BFF0-64DE0F4020BC}.Debug|Any CPU.Build.0 = Debug|Any CPU
		{C933E645-A128-467B-BFF0-64DE0F4020BC}.Debug|ARM64.ActiveCfg = Debug|Any CPU
		{C933E645-A128-467B-BFF0-64DE0F4020BC}.Debug|ARM64.Build.0 = Debug|Any CPU
		{C933E645-A128-467B-BFF0-64DE0F4020BC}.Debug|x64.ActiveCfg = Debug|Any CPU
		{C933E645-A128-467B-BFF0-64DE0F4020BC}.Debug|x64.Build.0 = Debug|Any CPU
		{C933E645-A128-467B-BFF0-64DE0F4020BC}.Debug|x86.ActiveCfg = Debug|Any CPU
		{C933E645-A128-467B-BFF0-64DE0F4020BC}.Debug|x86.Build.0 = Debug|Any CPU
		{C933E645-A128-467B-BFF0-64DE0F4020BC}.Release|Any CPU.ActiveCfg = Release|Any CPU
		{C933E645-A128-467B-BFF0-64DE0F4020BC}.Release|Any CPU.Build.0 = Release|Any CPU
		{C933E645-A128-467B-BFF0-64DE0F4020BC}.Release|ARM64.ActiveCfg = Release|Any CPU
		{C933E645-A128-467B-BFF0-64DE0F4020BC}.Release|ARM64.Build.0 = Release|Any CPU
		{C933E645-A128-467B-BFF0-64DE0F4020BC}.Release|x64.ActiveCfg = Release|Any CPU
		{C933E645-A128-467B-BFF0-64DE0F4020BC}.Release|x64.Build.0 = Release|Any CPU
		{C933E645-A128-467B-BFF0-64DE0F4020BC}.Release|x86.ActiveCfg = Release|Any CPU
		{C933E645-A128-467B-BFF0-64DE0F4020BC}.Release|x86.Build.0 = Release|Any CPU
		{52BC681B-CD09-4725-8314-BAF7B5C51443}.Debug|Any CPU.ActiveCfg = Debug|Any CPU
		{52BC681B-CD09-4725-8314-BAF7B5C51443}.Debug|Any CPU.Build.0 = Debug|Any CPU
		{52BC681B-CD09-4725-8314-BAF7B5C51443}.Debug|ARM64.ActiveCfg = Debug|Any CPU
		{52BC681B-CD09-4725-8314-BAF7B5C51443}.Debug|ARM64.Build.0 = Debug|Any CPU
		{52BC681B-CD09-4725-8314-BAF7B5C51443}.Debug|x64.ActiveCfg = Debug|Any CPU
		{52BC681B-CD09-4725-8314-BAF7B5C51443}.Debug|x64.Build.0 = Debug|Any CPU
		{52BC681B-CD09-4725-8314-BAF7B5C51443}.Debug|x86.ActiveCfg = Debug|Any CPU
		{52BC681B-CD09-4725-8314-BAF7B5C51443}.Debug|x86.Build.0 = Debug|Any CPU
		{52BC681B-CD09-4725-8314-BAF7B5C51443}.Release|Any CPU.ActiveCfg = Release|Any CPU
		{52BC681B-CD09-4725-8314-BAF7B5C51443}.Release|Any CPU.Build.0 = Release|Any CPU
		{52BC681B-CD09-4725-8314-BAF7B5C51443}.Release|ARM64.ActiveCfg = Release|Any CPU
		{52BC681B-CD09-4725-8314-BAF7B5C51443}.Release|ARM64.Build.0 = Release|Any CPU
		{52BC681B-CD09-4725-8314-BAF7B5C51443}.Release|x64.ActiveCfg = Release|Any CPU
		{52BC681B-CD09-4725-8314-BAF7B5C51443}.Release|x64.Build.0 = Release|Any CPU
		{52BC681B-CD09-4725-8314-BAF7B5C51443}.Release|x86.ActiveCfg = Release|Any CPU
		{52BC681B-CD09-4725-8314-BAF7B5C51443}.Release|x86.Build.0 = Release|Any CPU
		{345999A4-AFDF-4310-8005-28EEE24DFAD2}.Debug|Any CPU.ActiveCfg = Debug|Any CPU
		{345999A4-AFDF-4310-8005-28EEE24DFAD2}.Debug|Any CPU.Build.0 = Debug|Any CPU
		{345999A4-AFDF-4310-8005-28EEE24DFAD2}.Debug|ARM64.ActiveCfg = Debug|Any CPU
		{345999A4-AFDF-4310-8005-28EEE24DFAD2}.Debug|ARM64.Build.0 = Debug|Any CPU
		{345999A4-AFDF-4310-8005-28EEE24DFAD2}.Debug|x64.ActiveCfg = Debug|Any CPU
		{345999A4-AFDF-4310-8005-28EEE24DFAD2}.Debug|x64.Build.0 = Debug|Any CPU
		{345999A4-AFDF-4310-8005-28EEE24DFAD2}.Debug|x86.ActiveCfg = Debug|Any CPU
		{345999A4-AFDF-4310-8005-28EEE24DFAD2}.Debug|x86.Build.0 = Debug|Any CPU
		{345999A4-AFDF-4310-8005-28EEE24DFAD2}.Release|Any CPU.ActiveCfg = Release|Any CPU
		{345999A4-AFDF-4310-8005-28EEE24DFAD2}.Release|Any CPU.Build.0 = Release|Any CPU
		{345999A4-AFDF-4310-8005-28EEE24DFAD2}.Release|ARM64.ActiveCfg = Release|Any CPU
		{345999A4-AFDF-4310-8005-28EEE24DFAD2}.Release|ARM64.Build.0 = Release|Any CPU
		{345999A4-AFDF-4310-8005-28EEE24DFAD2}.Release|x64.ActiveCfg = Release|Any CPU
		{345999A4-AFDF-4310-8005-28EEE24DFAD2}.Release|x64.Build.0 = Release|Any CPU
		{345999A4-AFDF-4310-8005-28EEE24DFAD2}.Release|x86.ActiveCfg = Release|Any CPU
		{345999A4-AFDF-4310-8005-28EEE24DFAD2}.Release|x86.Build.0 = Release|Any CPU
		{994D78D2-1C25-4E51-BF0F-BC2938CA78FE}.Debug|Any CPU.ActiveCfg = Debug|Any CPU
		{994D78D2-1C25-4E51-BF0F-BC2938CA78FE}.Debug|Any CPU.Build.0 = Debug|Any CPU
		{994D78D2-1C25-4E51-BF0F-BC2938CA78FE}.Debug|ARM64.ActiveCfg = Debug|Any CPU
		{994D78D2-1C25-4E51-BF0F-BC2938CA78FE}.Debug|ARM64.Build.0 = Debug|Any CPU
		{994D78D2-1C25-4E51-BF0F-BC2938CA78FE}.Debug|x64.ActiveCfg = Debug|Any CPU
		{994D78D2-1C25-4E51-BF0F-BC2938CA78FE}.Debug|x64.Build.0 = Debug|Any CPU
		{994D78D2-1C25-4E51-BF0F-BC2938CA78FE}.Debug|x86.ActiveCfg = Debug|Any CPU
		{994D78D2-1C25-4E51-BF0F-BC2938CA78FE}.Debug|x86.Build.0 = Debug|Any CPU
		{994D78D2-1C25-4E51-BF0F-BC2938CA78FE}.Release|Any CPU.ActiveCfg = Release|Any CPU
		{994D78D2-1C25-4E51-BF0F-BC2938CA78FE}.Release|Any CPU.Build.0 = Release|Any CPU
		{994D78D2-1C25-4E51-BF0F-BC2938CA78FE}.Release|ARM64.ActiveCfg = Release|Any CPU
		{994D78D2-1C25-4E51-BF0F-BC2938CA78FE}.Release|ARM64.Build.0 = Release|Any CPU
		{994D78D2-1C25-4E51-BF0F-BC2938CA78FE}.Release|x64.ActiveCfg = Release|Any CPU
		{994D78D2-1C25-4E51-BF0F-BC2938CA78FE}.Release|x64.Build.0 = Release|Any CPU
		{994D78D2-1C25-4E51-BF0F-BC2938CA78FE}.Release|x86.ActiveCfg = Release|Any CPU
		{994D78D2-1C25-4E51-BF0F-BC2938CA78FE}.Release|x86.Build.0 = Release|Any CPU
		{28A6E02D-223C-4502-8067-D4AE5FEE2919}.Debug|Any CPU.ActiveCfg = Debug|Any CPU
		{28A6E02D-223C-4502-8067-D4AE5FEE2919}.Debug|Any CPU.Build.0 = Debug|Any CPU
		{28A6E02D-223C-4502-8067-D4AE5FEE2919}.Debug|ARM64.ActiveCfg = Debug|Any CPU
		{28A6E02D-223C-4502-8067-D4AE5FEE2919}.Debug|ARM64.Build.0 = Debug|Any CPU
		{28A6E02D-223C-4502-8067-D4AE5FEE2919}.Debug|x64.ActiveCfg = Debug|Any CPU
		{28A6E02D-223C-4502-8067-D4AE5FEE2919}.Debug|x64.Build.0 = Debug|Any CPU
		{28A6E02D-223C-4502-8067-D4AE5FEE2919}.Debug|x86.ActiveCfg = Debug|Any CPU
		{28A6E02D-223C-4502-8067-D4AE5FEE2919}.Debug|x86.Build.0 = Debug|Any CPU
		{28A6E02D-223C-4502-8067-D4AE5FEE2919}.Release|Any CPU.ActiveCfg = Release|Any CPU
		{28A6E02D-223C-4502-8067-D4AE5FEE2919}.Release|Any CPU.Build.0 = Release|Any CPU
		{28A6E02D-223C-4502-8067-D4AE5FEE2919}.Release|ARM64.ActiveCfg = Release|Any CPU
		{28A6E02D-223C-4502-8067-D4AE5FEE2919}.Release|ARM64.Build.0 = Release|Any CPU
		{28A6E02D-223C-4502-8067-D4AE5FEE2919}.Release|x64.ActiveCfg = Release|Any CPU
		{28A6E02D-223C-4502-8067-D4AE5FEE2919}.Release|x64.Build.0 = Release|Any CPU
		{28A6E02D-223C-4502-8067-D4AE5FEE2919}.Release|x86.ActiveCfg = Release|Any CPU
		{28A6E02D-223C-4502-8067-D4AE5FEE2919}.Release|x86.Build.0 = Release|Any CPU
		{56911732-9D70-454E-863C-2AD98CE89C86}.Debug|Any CPU.ActiveCfg = Debug|Any CPU
		{56911732-9D70-454E-863C-2AD98CE89C86}.Debug|Any CPU.Build.0 = Debug|Any CPU
		{56911732-9D70-454E-863C-2AD98CE89C86}.Debug|ARM64.ActiveCfg = Debug|Any CPU
		{56911732-9D70-454E-863C-2AD98CE89C86}.Debug|ARM64.Build.0 = Debug|Any CPU
		{56911732-9D70-454E-863C-2AD98CE89C86}.Debug|x64.ActiveCfg = Debug|Any CPU
		{56911732-9D70-454E-863C-2AD98CE89C86}.Debug|x64.Build.0 = Debug|Any CPU
		{56911732-9D70-454E-863C-2AD98CE89C86}.Debug|x86.ActiveCfg = Debug|Any CPU
		{56911732-9D70-454E-863C-2AD98CE89C86}.Debug|x86.Build.0 = Debug|Any CPU
		{56911732-9D70-454E-863C-2AD98CE89C86}.Release|Any CPU.ActiveCfg = Release|Any CPU
		{56911732-9D70-454E-863C-2AD98CE89C86}.Release|Any CPU.Build.0 = Release|Any CPU
		{56911732-9D70-454E-863C-2AD98CE89C86}.Release|ARM64.ActiveCfg = Release|Any CPU
		{56911732-9D70-454E-863C-2AD98CE89C86}.Release|ARM64.Build.0 = Release|Any CPU
		{56911732-9D70-454E-863C-2AD98CE89C86}.Release|x64.ActiveCfg = Release|Any CPU
		{56911732-9D70-454E-863C-2AD98CE89C86}.Release|x64.Build.0 = Release|Any CPU
		{56911732-9D70-454E-863C-2AD98CE89C86}.Release|x86.ActiveCfg = Release|Any CPU
		{56911732-9D70-454E-863C-2AD98CE89C86}.Release|x86.Build.0 = Release|Any CPU
		{824CF03F-E7EB-4543-8FDE-F29884C737FD}.Debug|Any CPU.ActiveCfg = Debug|Any CPU
		{824CF03F-E7EB-4543-8FDE-F29884C737FD}.Debug|Any CPU.Build.0 = Debug|Any CPU
		{824CF03F-E7EB-4543-8FDE-F29884C737FD}.Debug|ARM64.ActiveCfg = Debug|Any CPU
		{824CF03F-E7EB-4543-8FDE-F29884C737FD}.Debug|ARM64.Build.0 = Debug|Any CPU
		{824CF03F-E7EB-4543-8FDE-F29884C737FD}.Debug|x64.ActiveCfg = Debug|Any CPU
		{824CF03F-E7EB-4543-8FDE-F29884C737FD}.Debug|x64.Build.0 = Debug|Any CPU
		{824CF03F-E7EB-4543-8FDE-F29884C737FD}.Debug|x86.ActiveCfg = Debug|Any CPU
		{824CF03F-E7EB-4543-8FDE-F29884C737FD}.Debug|x86.Build.0 = Debug|Any CPU
		{824CF03F-E7EB-4543-8FDE-F29884C737FD}.Release|Any CPU.ActiveCfg = Release|Any CPU
		{824CF03F-E7EB-4543-8FDE-F29884C737FD}.Release|Any CPU.Build.0 = Release|Any CPU
		{824CF03F-E7EB-4543-8FDE-F29884C737FD}.Release|ARM64.ActiveCfg = Release|Any CPU
		{824CF03F-E7EB-4543-8FDE-F29884C737FD}.Release|ARM64.Build.0 = Release|Any CPU
		{824CF03F-E7EB-4543-8FDE-F29884C737FD}.Release|x64.ActiveCfg = Release|Any CPU
		{824CF03F-E7EB-4543-8FDE-F29884C737FD}.Release|x64.Build.0 = Release|Any CPU
		{824CF03F-E7EB-4543-8FDE-F29884C737FD}.Release|x86.ActiveCfg = Release|Any CPU
		{824CF03F-E7EB-4543-8FDE-F29884C737FD}.Release|x86.Build.0 = Release|Any CPU
		{6D2FB809-D864-4266-9E93-2CB09C361D55}.Debug|Any CPU.ActiveCfg = Debug|Any CPU
		{6D2FB809-D864-4266-9E93-2CB09C361D55}.Debug|Any CPU.Build.0 = Debug|Any CPU
		{6D2FB809-D864-4266-9E93-2CB09C361D55}.Debug|ARM64.ActiveCfg = Debug|Any CPU
		{6D2FB809-D864-4266-9E93-2CB09C361D55}.Debug|ARM64.Build.0 = Debug|Any CPU
		{6D2FB809-D864-4266-9E93-2CB09C361D55}.Debug|x64.ActiveCfg = Debug|Any CPU
		{6D2FB809-D864-4266-9E93-2CB09C361D55}.Debug|x64.Build.0 = Debug|Any CPU
		{6D2FB809-D864-4266-9E93-2CB09C361D55}.Debug|x86.ActiveCfg = Debug|Any CPU
		{6D2FB809-D864-4266-9E93-2CB09C361D55}.Debug|x86.Build.0 = Debug|Any CPU
		{6D2FB809-D864-4266-9E93-2CB09C361D55}.Release|Any CPU.ActiveCfg = Release|Any CPU
		{6D2FB809-D864-4266-9E93-2CB09C361D55}.Release|Any CPU.Build.0 = Release|Any CPU
		{6D2FB809-D864-4266-9E93-2CB09C361D55}.Release|ARM64.ActiveCfg = Release|Any CPU
		{6D2FB809-D864-4266-9E93-2CB09C361D55}.Release|ARM64.Build.0 = Release|Any CPU
		{6D2FB809-D864-4266-9E93-2CB09C361D55}.Release|x64.ActiveCfg = Release|Any CPU
		{6D2FB809-D864-4266-9E93-2CB09C361D55}.Release|x64.Build.0 = Release|Any CPU
		{6D2FB809-D864-4266-9E93-2CB09C361D55}.Release|x86.ActiveCfg = Release|Any CPU
		{6D2FB809-D864-4266-9E93-2CB09C361D55}.Release|x86.Build.0 = Release|Any CPU
		{77CE5017-D31A-4874-9444-C5BBF436466F}.Debug|Any CPU.ActiveCfg = Debug|Any CPU
		{77CE5017-D31A-4874-9444-C5BBF436466F}.Debug|Any CPU.Build.0 = Debug|Any CPU
		{77CE5017-D31A-4874-9444-C5BBF436466F}.Debug|ARM64.ActiveCfg = Debug|Any CPU
		{77CE5017-D31A-4874-9444-C5BBF436466F}.Debug|ARM64.Build.0 = Debug|Any CPU
		{77CE5017-D31A-4874-9444-C5BBF436466F}.Debug|x64.ActiveCfg = Debug|Any CPU
		{77CE5017-D31A-4874-9444-C5BBF436466F}.Debug|x64.Build.0 = Debug|Any CPU
		{77CE5017-D31A-4874-9444-C5BBF436466F}.Debug|x86.ActiveCfg = Debug|Any CPU
		{77CE5017-D31A-4874-9444-C5BBF436466F}.Debug|x86.Build.0 = Debug|Any CPU
		{77CE5017-D31A-4874-9444-C5BBF436466F}.Release|Any CPU.ActiveCfg = Release|Any CPU
		{77CE5017-D31A-4874-9444-C5BBF436466F}.Release|Any CPU.Build.0 = Release|Any CPU
		{77CE5017-D31A-4874-9444-C5BBF436466F}.Release|ARM64.ActiveCfg = Release|Any CPU
		{77CE5017-D31A-4874-9444-C5BBF436466F}.Release|ARM64.Build.0 = Release|Any CPU
		{77CE5017-D31A-4874-9444-C5BBF436466F}.Release|x64.ActiveCfg = Release|Any CPU
		{77CE5017-D31A-4874-9444-C5BBF436466F}.Release|x64.Build.0 = Release|Any CPU
		{77CE5017-D31A-4874-9444-C5BBF436466F}.Release|x86.ActiveCfg = Release|Any CPU
		{77CE5017-D31A-4874-9444-C5BBF436466F}.Release|x86.Build.0 = Release|Any CPU
		{6CACA4D4-05D8-4E32-AC33-9D92841E133F}.Debug|Any CPU.ActiveCfg = Debug|Any CPU
		{6CACA4D4-05D8-4E32-AC33-9D92841E133F}.Debug|Any CPU.Build.0 = Debug|Any CPU
		{6CACA4D4-05D8-4E32-AC33-9D92841E133F}.Debug|ARM64.ActiveCfg = Debug|Any CPU
		{6CACA4D4-05D8-4E32-AC33-9D92841E133F}.Debug|ARM64.Build.0 = Debug|Any CPU
		{6CACA4D4-05D8-4E32-AC33-9D92841E133F}.Debug|x64.ActiveCfg = Debug|Any CPU
		{6CACA4D4-05D8-4E32-AC33-9D92841E133F}.Debug|x64.Build.0 = Debug|Any CPU
		{6CACA4D4-05D8-4E32-AC33-9D92841E133F}.Debug|x86.ActiveCfg = Debug|Any CPU
		{6CACA4D4-05D8-4E32-AC33-9D92841E133F}.Debug|x86.Build.0 = Debug|Any CPU
		{6CACA4D4-05D8-4E32-AC33-9D92841E133F}.Release|Any CPU.ActiveCfg = Release|Any CPU
		{6CACA4D4-05D8-4E32-AC33-9D92841E133F}.Release|Any CPU.Build.0 = Release|Any CPU
		{6CACA4D4-05D8-4E32-AC33-9D92841E133F}.Release|ARM64.ActiveCfg = Release|Any CPU
		{6CACA4D4-05D8-4E32-AC33-9D92841E133F}.Release|ARM64.Build.0 = Release|Any CPU
		{6CACA4D4-05D8-4E32-AC33-9D92841E133F}.Release|x64.ActiveCfg = Release|Any CPU
		{6CACA4D4-05D8-4E32-AC33-9D92841E133F}.Release|x64.Build.0 = Release|Any CPU
		{6CACA4D4-05D8-4E32-AC33-9D92841E133F}.Release|x86.ActiveCfg = Release|Any CPU
		{6CACA4D4-05D8-4E32-AC33-9D92841E133F}.Release|x86.Build.0 = Release|Any CPU
		{B4F6C92B-BD18-468D-A76D-29B35B651FBD}.Debug|Any CPU.ActiveCfg = Debug|Any CPU
		{B4F6C92B-BD18-468D-A76D-29B35B651FBD}.Debug|Any CPU.Build.0 = Debug|Any CPU
		{B4F6C92B-BD18-468D-A76D-29B35B651FBD}.Debug|ARM64.ActiveCfg = Debug|Any CPU
		{B4F6C92B-BD18-468D-A76D-29B35B651FBD}.Debug|ARM64.Build.0 = Debug|Any CPU
		{B4F6C92B-BD18-468D-A76D-29B35B651FBD}.Debug|x64.ActiveCfg = Debug|Any CPU
		{B4F6C92B-BD18-468D-A76D-29B35B651FBD}.Debug|x64.Build.0 = Debug|Any CPU
		{B4F6C92B-BD18-468D-A76D-29B35B651FBD}.Debug|x86.ActiveCfg = Debug|Any CPU
		{B4F6C92B-BD18-468D-A76D-29B35B651FBD}.Debug|x86.Build.0 = Debug|Any CPU
		{B4F6C92B-BD18-468D-A76D-29B35B651FBD}.Release|Any CPU.ActiveCfg = Release|Any CPU
		{B4F6C92B-BD18-468D-A76D-29B35B651FBD}.Release|Any CPU.Build.0 = Release|Any CPU
		{B4F6C92B-BD18-468D-A76D-29B35B651FBD}.Release|ARM64.ActiveCfg = Release|Any CPU
		{B4F6C92B-BD18-468D-A76D-29B35B651FBD}.Release|ARM64.Build.0 = Release|Any CPU
		{B4F6C92B-BD18-468D-A76D-29B35B651FBD}.Release|x64.ActiveCfg = Release|Any CPU
		{B4F6C92B-BD18-468D-A76D-29B35B651FBD}.Release|x64.Build.0 = Release|Any CPU
		{B4F6C92B-BD18-468D-A76D-29B35B651FBD}.Release|x86.ActiveCfg = Release|Any CPU
		{B4F6C92B-BD18-468D-A76D-29B35B651FBD}.Release|x86.Build.0 = Release|Any CPU
		{6B39AC0D-61CB-4FEE-91AA-67671C2D760F}.Debug|Any CPU.ActiveCfg = Debug|Any CPU
		{6B39AC0D-61CB-4FEE-91AA-67671C2D760F}.Debug|Any CPU.Build.0 = Debug|Any CPU
		{6B39AC0D-61CB-4FEE-91AA-67671C2D760F}.Debug|ARM64.ActiveCfg = Debug|Any CPU
		{6B39AC0D-61CB-4FEE-91AA-67671C2D760F}.Debug|ARM64.Build.0 = Debug|Any CPU
		{6B39AC0D-61CB-4FEE-91AA-67671C2D760F}.Debug|x64.ActiveCfg = Debug|Any CPU
		{6B39AC0D-61CB-4FEE-91AA-67671C2D760F}.Debug|x64.Build.0 = Debug|Any CPU
		{6B39AC0D-61CB-4FEE-91AA-67671C2D760F}.Debug|x86.ActiveCfg = Debug|Any CPU
		{6B39AC0D-61CB-4FEE-91AA-67671C2D760F}.Debug|x86.Build.0 = Debug|Any CPU
		{6B39AC0D-61CB-4FEE-91AA-67671C2D760F}.Release|Any CPU.ActiveCfg = Release|Any CPU
		{6B39AC0D-61CB-4FEE-91AA-67671C2D760F}.Release|Any CPU.Build.0 = Release|Any CPU
		{6B39AC0D-61CB-4FEE-91AA-67671C2D760F}.Release|ARM64.ActiveCfg = Release|Any CPU
		{6B39AC0D-61CB-4FEE-91AA-67671C2D760F}.Release|ARM64.Build.0 = Release|Any CPU
		{6B39AC0D-61CB-4FEE-91AA-67671C2D760F}.Release|x64.ActiveCfg = Release|Any CPU
		{6B39AC0D-61CB-4FEE-91AA-67671C2D760F}.Release|x64.Build.0 = Release|Any CPU
		{6B39AC0D-61CB-4FEE-91AA-67671C2D760F}.Release|x86.ActiveCfg = Release|Any CPU
		{6B39AC0D-61CB-4FEE-91AA-67671C2D760F}.Release|x86.Build.0 = Release|Any CPU
		{9EDE1006-B56F-44DC-ADBC-EBD9F49F04B0}.Debug|Any CPU.ActiveCfg = Debug|Any CPU
		{9EDE1006-B56F-44DC-ADBC-EBD9F49F04B0}.Debug|Any CPU.Build.0 = Debug|Any CPU
		{9EDE1006-B56F-44DC-ADBC-EBD9F49F04B0}.Debug|ARM64.ActiveCfg = Debug|Any CPU
		{9EDE1006-B56F-44DC-ADBC-EBD9F49F04B0}.Debug|ARM64.Build.0 = Debug|Any CPU
		{9EDE1006-B56F-44DC-ADBC-EBD9F49F04B0}.Debug|x64.ActiveCfg = Debug|Any CPU
		{9EDE1006-B56F-44DC-ADBC-EBD9F49F04B0}.Debug|x64.Build.0 = Debug|Any CPU
		{9EDE1006-B56F-44DC-ADBC-EBD9F49F04B0}.Debug|x86.ActiveCfg = Debug|Any CPU
		{9EDE1006-B56F-44DC-ADBC-EBD9F49F04B0}.Debug|x86.Build.0 = Debug|Any CPU
		{9EDE1006-B56F-44DC-ADBC-EBD9F49F04B0}.Release|Any CPU.ActiveCfg = Release|Any CPU
		{9EDE1006-B56F-44DC-ADBC-EBD9F49F04B0}.Release|Any CPU.Build.0 = Release|Any CPU
		{9EDE1006-B56F-44DC-ADBC-EBD9F49F04B0}.Release|ARM64.ActiveCfg = Release|Any CPU
		{9EDE1006-B56F-44DC-ADBC-EBD9F49F04B0}.Release|ARM64.Build.0 = Release|Any CPU
		{9EDE1006-B56F-44DC-ADBC-EBD9F49F04B0}.Release|x64.ActiveCfg = Release|Any CPU
		{9EDE1006-B56F-44DC-ADBC-EBD9F49F04B0}.Release|x64.Build.0 = Release|Any CPU
		{9EDE1006-B56F-44DC-ADBC-EBD9F49F04B0}.Release|x86.ActiveCfg = Release|Any CPU
		{9EDE1006-B56F-44DC-ADBC-EBD9F49F04B0}.Release|x86.Build.0 = Release|Any CPU
		{79CB74BE-C997-4D9B-ADFC-F6BF0DDC8F35}.Debug|Any CPU.ActiveCfg = Debug|Any CPU
		{79CB74BE-C997-4D9B-ADFC-F6BF0DDC8F35}.Debug|Any CPU.Build.0 = Debug|Any CPU
		{79CB74BE-C997-4D9B-ADFC-F6BF0DDC8F35}.Debug|ARM64.ActiveCfg = Debug|Any CPU
		{79CB74BE-C997-4D9B-ADFC-F6BF0DDC8F35}.Debug|ARM64.Build.0 = Debug|Any CPU
		{79CB74BE-C997-4D9B-ADFC-F6BF0DDC8F35}.Debug|x64.ActiveCfg = Debug|Any CPU
		{79CB74BE-C997-4D9B-ADFC-F6BF0DDC8F35}.Debug|x64.Build.0 = Debug|Any CPU
		{79CB74BE-C997-4D9B-ADFC-F6BF0DDC8F35}.Debug|x86.ActiveCfg = Debug|Any CPU
		{79CB74BE-C997-4D9B-ADFC-F6BF0DDC8F35}.Debug|x86.Build.0 = Debug|Any CPU
		{79CB74BE-C997-4D9B-ADFC-F6BF0DDC8F35}.Release|Any CPU.ActiveCfg = Release|Any CPU
		{79CB74BE-C997-4D9B-ADFC-F6BF0DDC8F35}.Release|Any CPU.Build.0 = Release|Any CPU
		{79CB74BE-C997-4D9B-ADFC-F6BF0DDC8F35}.Release|ARM64.ActiveCfg = Release|Any CPU
		{79CB74BE-C997-4D9B-ADFC-F6BF0DDC8F35}.Release|ARM64.Build.0 = Release|Any CPU
		{79CB74BE-C997-4D9B-ADFC-F6BF0DDC8F35}.Release|x64.ActiveCfg = Release|Any CPU
		{79CB74BE-C997-4D9B-ADFC-F6BF0DDC8F35}.Release|x64.Build.0 = Release|Any CPU
		{79CB74BE-C997-4D9B-ADFC-F6BF0DDC8F35}.Release|x86.ActiveCfg = Release|Any CPU
		{79CB74BE-C997-4D9B-ADFC-F6BF0DDC8F35}.Release|x86.Build.0 = Release|Any CPU
		{03A35715-2F0A-410A-9554-5908CBFBD8B0}.Debug|Any CPU.ActiveCfg = Debug|Any CPU
		{03A35715-2F0A-410A-9554-5908CBFBD8B0}.Debug|Any CPU.Build.0 = Debug|Any CPU
		{03A35715-2F0A-410A-9554-5908CBFBD8B0}.Debug|ARM64.ActiveCfg = Debug|Any CPU
		{03A35715-2F0A-410A-9554-5908CBFBD8B0}.Debug|ARM64.Build.0 = Debug|Any CPU
		{03A35715-2F0A-410A-9554-5908CBFBD8B0}.Debug|x64.ActiveCfg = Debug|Any CPU
		{03A35715-2F0A-410A-9554-5908CBFBD8B0}.Debug|x64.Build.0 = Debug|Any CPU
		{03A35715-2F0A-410A-9554-5908CBFBD8B0}.Debug|x86.ActiveCfg = Debug|Any CPU
		{03A35715-2F0A-410A-9554-5908CBFBD8B0}.Debug|x86.Build.0 = Debug|Any CPU
		{03A35715-2F0A-410A-9554-5908CBFBD8B0}.Release|Any CPU.ActiveCfg = Release|Any CPU
		{03A35715-2F0A-410A-9554-5908CBFBD8B0}.Release|Any CPU.Build.0 = Release|Any CPU
		{03A35715-2F0A-410A-9554-5908CBFBD8B0}.Release|ARM64.ActiveCfg = Release|Any CPU
		{03A35715-2F0A-410A-9554-5908CBFBD8B0}.Release|ARM64.Build.0 = Release|Any CPU
		{03A35715-2F0A-410A-9554-5908CBFBD8B0}.Release|x64.ActiveCfg = Release|Any CPU
		{03A35715-2F0A-410A-9554-5908CBFBD8B0}.Release|x64.Build.0 = Release|Any CPU
		{03A35715-2F0A-410A-9554-5908CBFBD8B0}.Release|x86.ActiveCfg = Release|Any CPU
		{03A35715-2F0A-410A-9554-5908CBFBD8B0}.Release|x86.Build.0 = Release|Any CPU
		{5FD45640-8133-4AB4-AAB8-CE4A8BAC2045}.Debug|Any CPU.ActiveCfg = Debug|Any CPU
		{5FD45640-8133-4AB4-AAB8-CE4A8BAC2045}.Debug|Any CPU.Build.0 = Debug|Any CPU
		{5FD45640-8133-4AB4-AAB8-CE4A8BAC2045}.Debug|ARM64.ActiveCfg = Debug|Any CPU
		{5FD45640-8133-4AB4-AAB8-CE4A8BAC2045}.Debug|ARM64.Build.0 = Debug|Any CPU
		{5FD45640-8133-4AB4-AAB8-CE4A8BAC2045}.Debug|x64.ActiveCfg = Debug|Any CPU
		{5FD45640-8133-4AB4-AAB8-CE4A8BAC2045}.Debug|x64.Build.0 = Debug|Any CPU
		{5FD45640-8133-4AB4-AAB8-CE4A8BAC2045}.Debug|x86.ActiveCfg = Debug|Any CPU
		{5FD45640-8133-4AB4-AAB8-CE4A8BAC2045}.Debug|x86.Build.0 = Debug|Any CPU
		{5FD45640-8133-4AB4-AAB8-CE4A8BAC2045}.Release|Any CPU.ActiveCfg = Release|Any CPU
		{5FD45640-8133-4AB4-AAB8-CE4A8BAC2045}.Release|Any CPU.Build.0 = Release|Any CPU
		{5FD45640-8133-4AB4-AAB8-CE4A8BAC2045}.Release|ARM64.ActiveCfg = Release|Any CPU
		{5FD45640-8133-4AB4-AAB8-CE4A8BAC2045}.Release|ARM64.Build.0 = Release|Any CPU
		{5FD45640-8133-4AB4-AAB8-CE4A8BAC2045}.Release|x64.ActiveCfg = Release|Any CPU
		{5FD45640-8133-4AB4-AAB8-CE4A8BAC2045}.Release|x64.Build.0 = Release|Any CPU
		{5FD45640-8133-4AB4-AAB8-CE4A8BAC2045}.Release|x86.ActiveCfg = Release|Any CPU
		{5FD45640-8133-4AB4-AAB8-CE4A8BAC2045}.Release|x86.Build.0 = Release|Any CPU
		{C446E85A-FD6F-42EF-87E9-9C58140F95E5}.Debug|Any CPU.ActiveCfg = Debug|Any CPU
		{C446E85A-FD6F-42EF-87E9-9C58140F95E5}.Debug|Any CPU.Build.0 = Debug|Any CPU
		{C446E85A-FD6F-42EF-87E9-9C58140F95E5}.Debug|ARM64.ActiveCfg = Debug|Any CPU
		{C446E85A-FD6F-42EF-87E9-9C58140F95E5}.Debug|ARM64.Build.0 = Debug|Any CPU
		{C446E85A-FD6F-42EF-87E9-9C58140F95E5}.Debug|x64.ActiveCfg = Debug|Any CPU
		{C446E85A-FD6F-42EF-87E9-9C58140F95E5}.Debug|x64.Build.0 = Debug|Any CPU
		{C446E85A-FD6F-42EF-87E9-9C58140F95E5}.Debug|x86.ActiveCfg = Debug|Any CPU
		{C446E85A-FD6F-42EF-87E9-9C58140F95E5}.Debug|x86.Build.0 = Debug|Any CPU
		{C446E85A-FD6F-42EF-87E9-9C58140F95E5}.Release|Any CPU.ActiveCfg = Release|Any CPU
		{C446E85A-FD6F-42EF-87E9-9C58140F95E5}.Release|Any CPU.Build.0 = Release|Any CPU
		{C446E85A-FD6F-42EF-87E9-9C58140F95E5}.Release|ARM64.ActiveCfg = Release|Any CPU
		{C446E85A-FD6F-42EF-87E9-9C58140F95E5}.Release|ARM64.Build.0 = Release|Any CPU
		{C446E85A-FD6F-42EF-87E9-9C58140F95E5}.Release|x64.ActiveCfg = Release|Any CPU
		{C446E85A-FD6F-42EF-87E9-9C58140F95E5}.Release|x64.Build.0 = Release|Any CPU
		{C446E85A-FD6F-42EF-87E9-9C58140F95E5}.Release|x86.ActiveCfg = Release|Any CPU
		{C446E85A-FD6F-42EF-87E9-9C58140F95E5}.Release|x86.Build.0 = Release|Any CPU
		{1B794941-E522-45A3-8100-3342677BEE8E}.Debug|Any CPU.ActiveCfg = Debug|Any CPU
		{1B794941-E522-45A3-8100-3342677BEE8E}.Debug|Any CPU.Build.0 = Debug|Any CPU
		{1B794941-E522-45A3-8100-3342677BEE8E}.Debug|ARM64.ActiveCfg = Debug|Any CPU
		{1B794941-E522-45A3-8100-3342677BEE8E}.Debug|ARM64.Build.0 = Debug|Any CPU
		{1B794941-E522-45A3-8100-3342677BEE8E}.Debug|x64.ActiveCfg = Debug|Any CPU
		{1B794941-E522-45A3-8100-3342677BEE8E}.Debug|x64.Build.0 = Debug|Any CPU
		{1B794941-E522-45A3-8100-3342677BEE8E}.Debug|x86.ActiveCfg = Debug|Any CPU
		{1B794941-E522-45A3-8100-3342677BEE8E}.Debug|x86.Build.0 = Debug|Any CPU
		{1B794941-E522-45A3-8100-3342677BEE8E}.Release|Any CPU.ActiveCfg = Release|Any CPU
		{1B794941-E522-45A3-8100-3342677BEE8E}.Release|Any CPU.Build.0 = Release|Any CPU
		{1B794941-E522-45A3-8100-3342677BEE8E}.Release|ARM64.ActiveCfg = Release|Any CPU
		{1B794941-E522-45A3-8100-3342677BEE8E}.Release|ARM64.Build.0 = Release|Any CPU
		{1B794941-E522-45A3-8100-3342677BEE8E}.Release|x64.ActiveCfg = Release|Any CPU
		{1B794941-E522-45A3-8100-3342677BEE8E}.Release|x64.Build.0 = Release|Any CPU
		{1B794941-E522-45A3-8100-3342677BEE8E}.Release|x86.ActiveCfg = Release|Any CPU
		{1B794941-E522-45A3-8100-3342677BEE8E}.Release|x86.Build.0 = Release|Any CPU
		{80F055DA-9E87-424E-AFEA-BAE6715B14DD}.Debug|Any CPU.ActiveCfg = Debug|Any CPU
		{80F055DA-9E87-424E-AFEA-BAE6715B14DD}.Debug|Any CPU.Build.0 = Debug|Any CPU
		{80F055DA-9E87-424E-AFEA-BAE6715B14DD}.Debug|ARM64.ActiveCfg = Debug|Any CPU
		{80F055DA-9E87-424E-AFEA-BAE6715B14DD}.Debug|ARM64.Build.0 = Debug|Any CPU
		{80F055DA-9E87-424E-AFEA-BAE6715B14DD}.Debug|x64.ActiveCfg = Debug|Any CPU
		{80F055DA-9E87-424E-AFEA-BAE6715B14DD}.Debug|x64.Build.0 = Debug|Any CPU
		{80F055DA-9E87-424E-AFEA-BAE6715B14DD}.Debug|x86.ActiveCfg = Debug|Any CPU
		{80F055DA-9E87-424E-AFEA-BAE6715B14DD}.Debug|x86.Build.0 = Debug|Any CPU
		{80F055DA-9E87-424E-AFEA-BAE6715B14DD}.Release|Any CPU.ActiveCfg = Release|Any CPU
		{80F055DA-9E87-424E-AFEA-BAE6715B14DD}.Release|Any CPU.Build.0 = Release|Any CPU
		{80F055DA-9E87-424E-AFEA-BAE6715B14DD}.Release|ARM64.ActiveCfg = Release|Any CPU
		{80F055DA-9E87-424E-AFEA-BAE6715B14DD}.Release|ARM64.Build.0 = Release|Any CPU
		{80F055DA-9E87-424E-AFEA-BAE6715B14DD}.Release|x64.ActiveCfg = Release|Any CPU
		{80F055DA-9E87-424E-AFEA-BAE6715B14DD}.Release|x64.Build.0 = Release|Any CPU
		{80F055DA-9E87-424E-AFEA-BAE6715B14DD}.Release|x86.ActiveCfg = Release|Any CPU
		{80F055DA-9E87-424E-AFEA-BAE6715B14DD}.Release|x86.Build.0 = Release|Any CPU
		{68E5F816-75A0-4CED-A4EF-B128B748C04E}.Debug|Any CPU.ActiveCfg = Debug|Any CPU
		{68E5F816-75A0-4CED-A4EF-B128B748C04E}.Debug|Any CPU.Build.0 = Debug|Any CPU
		{68E5F816-75A0-4CED-A4EF-B128B748C04E}.Debug|ARM64.ActiveCfg = Debug|Any CPU
		{68E5F816-75A0-4CED-A4EF-B128B748C04E}.Debug|ARM64.Build.0 = Debug|Any CPU
		{68E5F816-75A0-4CED-A4EF-B128B748C04E}.Debug|x64.ActiveCfg = Debug|Any CPU
		{68E5F816-75A0-4CED-A4EF-B128B748C04E}.Debug|x64.Build.0 = Debug|Any CPU
		{68E5F816-75A0-4CED-A4EF-B128B748C04E}.Debug|x86.ActiveCfg = Debug|Any CPU
		{68E5F816-75A0-4CED-A4EF-B128B748C04E}.Debug|x86.Build.0 = Debug|Any CPU
		{68E5F816-75A0-4CED-A4EF-B128B748C04E}.Release|Any CPU.ActiveCfg = Release|Any CPU
		{68E5F816-75A0-4CED-A4EF-B128B748C04E}.Release|Any CPU.Build.0 = Release|Any CPU
		{68E5F816-75A0-4CED-A4EF-B128B748C04E}.Release|ARM64.ActiveCfg = Release|Any CPU
		{68E5F816-75A0-4CED-A4EF-B128B748C04E}.Release|ARM64.Build.0 = Release|Any CPU
		{68E5F816-75A0-4CED-A4EF-B128B748C04E}.Release|x64.ActiveCfg = Release|Any CPU
		{68E5F816-75A0-4CED-A4EF-B128B748C04E}.Release|x64.Build.0 = Release|Any CPU
		{68E5F816-75A0-4CED-A4EF-B128B748C04E}.Release|x86.ActiveCfg = Release|Any CPU
		{68E5F816-75A0-4CED-A4EF-B128B748C04E}.Release|x86.Build.0 = Release|Any CPU
		{E601C482-BEDB-463D-8D2C-249A88BD61B1}.Debug|Any CPU.ActiveCfg = Debug|Any CPU
		{E601C482-BEDB-463D-8D2C-249A88BD61B1}.Debug|Any CPU.Build.0 = Debug|Any CPU
		{E601C482-BEDB-463D-8D2C-249A88BD61B1}.Debug|ARM64.ActiveCfg = Debug|Any CPU
		{E601C482-BEDB-463D-8D2C-249A88BD61B1}.Debug|ARM64.Build.0 = Debug|Any CPU
		{E601C482-BEDB-463D-8D2C-249A88BD61B1}.Debug|x64.ActiveCfg = Debug|Any CPU
		{E601C482-BEDB-463D-8D2C-249A88BD61B1}.Debug|x64.Build.0 = Debug|Any CPU
		{E601C482-BEDB-463D-8D2C-249A88BD61B1}.Debug|x86.ActiveCfg = Debug|Any CPU
		{E601C482-BEDB-463D-8D2C-249A88BD61B1}.Debug|x86.Build.0 = Debug|Any CPU
		{E601C482-BEDB-463D-8D2C-249A88BD61B1}.Release|Any CPU.ActiveCfg = Release|Any CPU
		{E601C482-BEDB-463D-8D2C-249A88BD61B1}.Release|Any CPU.Build.0 = Release|Any CPU
		{E601C482-BEDB-463D-8D2C-249A88BD61B1}.Release|ARM64.ActiveCfg = Release|Any CPU
		{E601C482-BEDB-463D-8D2C-249A88BD61B1}.Release|ARM64.Build.0 = Release|Any CPU
		{E601C482-BEDB-463D-8D2C-249A88BD61B1}.Release|x64.ActiveCfg = Release|Any CPU
		{E601C482-BEDB-463D-8D2C-249A88BD61B1}.Release|x64.Build.0 = Release|Any CPU
		{E601C482-BEDB-463D-8D2C-249A88BD61B1}.Release|x86.ActiveCfg = Release|Any CPU
		{E601C482-BEDB-463D-8D2C-249A88BD61B1}.Release|x86.Build.0 = Release|Any CPU
		{DE568D99-A8FF-454A-8429-44D82560748E}.Debug|Any CPU.ActiveCfg = Debug|Any CPU
		{DE568D99-A8FF-454A-8429-44D82560748E}.Debug|Any CPU.Build.0 = Debug|Any CPU
		{DE568D99-A8FF-454A-8429-44D82560748E}.Debug|ARM64.ActiveCfg = Debug|Any CPU
		{DE568D99-A8FF-454A-8429-44D82560748E}.Debug|ARM64.Build.0 = Debug|Any CPU
		{DE568D99-A8FF-454A-8429-44D82560748E}.Debug|x64.ActiveCfg = Debug|Any CPU
		{DE568D99-A8FF-454A-8429-44D82560748E}.Debug|x64.Build.0 = Debug|Any CPU
		{DE568D99-A8FF-454A-8429-44D82560748E}.Debug|x86.ActiveCfg = Debug|Any CPU
		{DE568D99-A8FF-454A-8429-44D82560748E}.Debug|x86.Build.0 = Debug|Any CPU
		{DE568D99-A8FF-454A-8429-44D82560748E}.Release|Any CPU.ActiveCfg = Release|Any CPU
		{DE568D99-A8FF-454A-8429-44D82560748E}.Release|Any CPU.Build.0 = Release|Any CPU
		{DE568D99-A8FF-454A-8429-44D82560748E}.Release|ARM64.ActiveCfg = Release|Any CPU
		{DE568D99-A8FF-454A-8429-44D82560748E}.Release|ARM64.Build.0 = Release|Any CPU
		{DE568D99-A8FF-454A-8429-44D82560748E}.Release|x64.ActiveCfg = Release|Any CPU
		{DE568D99-A8FF-454A-8429-44D82560748E}.Release|x64.Build.0 = Release|Any CPU
		{DE568D99-A8FF-454A-8429-44D82560748E}.Release|x86.ActiveCfg = Release|Any CPU
		{DE568D99-A8FF-454A-8429-44D82560748E}.Release|x86.Build.0 = Release|Any CPU
		{A4B0AD01-3F29-4053-B8B8-720F85E4A7DA}.Debug|Any CPU.ActiveCfg = Debug|Any CPU
		{A4B0AD01-3F29-4053-B8B8-720F85E4A7DA}.Debug|Any CPU.Build.0 = Debug|Any CPU
		{A4B0AD01-3F29-4053-B8B8-720F85E4A7DA}.Debug|ARM64.ActiveCfg = Debug|Any CPU
		{A4B0AD01-3F29-4053-B8B8-720F85E4A7DA}.Debug|ARM64.Build.0 = Debug|Any CPU
		{A4B0AD01-3F29-4053-B8B8-720F85E4A7DA}.Debug|x64.ActiveCfg = Debug|Any CPU
		{A4B0AD01-3F29-4053-B8B8-720F85E4A7DA}.Debug|x64.Build.0 = Debug|Any CPU
		{A4B0AD01-3F29-4053-B8B8-720F85E4A7DA}.Debug|x86.ActiveCfg = Debug|Any CPU
		{A4B0AD01-3F29-4053-B8B8-720F85E4A7DA}.Debug|x86.Build.0 = Debug|Any CPU
		{A4B0AD01-3F29-4053-B8B8-720F85E4A7DA}.Release|Any CPU.ActiveCfg = Release|Any CPU
		{A4B0AD01-3F29-4053-B8B8-720F85E4A7DA}.Release|Any CPU.Build.0 = Release|Any CPU
		{A4B0AD01-3F29-4053-B8B8-720F85E4A7DA}.Release|ARM64.ActiveCfg = Release|Any CPU
		{A4B0AD01-3F29-4053-B8B8-720F85E4A7DA}.Release|ARM64.Build.0 = Release|Any CPU
		{A4B0AD01-3F29-4053-B8B8-720F85E4A7DA}.Release|x64.ActiveCfg = Release|Any CPU
		{A4B0AD01-3F29-4053-B8B8-720F85E4A7DA}.Release|x64.Build.0 = Release|Any CPU
		{A4B0AD01-3F29-4053-B8B8-720F85E4A7DA}.Release|x86.ActiveCfg = Release|Any CPU
		{A4B0AD01-3F29-4053-B8B8-720F85E4A7DA}.Release|x86.Build.0 = Release|Any CPU
		{5BE7F856-14D2-415A-849D-581529A8057B}.Debug|Any CPU.ActiveCfg = Debug|Any CPU
		{5BE7F856-14D2-415A-849D-581529A8057B}.Debug|Any CPU.Build.0 = Debug|Any CPU
		{5BE7F856-14D2-415A-849D-581529A8057B}.Debug|ARM64.ActiveCfg = Debug|Any CPU
		{5BE7F856-14D2-415A-849D-581529A8057B}.Debug|ARM64.Build.0 = Debug|Any CPU
		{5BE7F856-14D2-415A-849D-581529A8057B}.Debug|x64.ActiveCfg = Debug|Any CPU
		{5BE7F856-14D2-415A-849D-581529A8057B}.Debug|x64.Build.0 = Debug|Any CPU
		{5BE7F856-14D2-415A-849D-581529A8057B}.Debug|x86.ActiveCfg = Debug|Any CPU
		{5BE7F856-14D2-415A-849D-581529A8057B}.Debug|x86.Build.0 = Debug|Any CPU
		{5BE7F856-14D2-415A-849D-581529A8057B}.Release|Any CPU.ActiveCfg = Release|Any CPU
		{5BE7F856-14D2-415A-849D-581529A8057B}.Release|Any CPU.Build.0 = Release|Any CPU
		{5BE7F856-14D2-415A-849D-581529A8057B}.Release|ARM64.ActiveCfg = Release|Any CPU
		{5BE7F856-14D2-415A-849D-581529A8057B}.Release|ARM64.Build.0 = Release|Any CPU
		{5BE7F856-14D2-415A-849D-581529A8057B}.Release|x64.ActiveCfg = Release|Any CPU
		{5BE7F856-14D2-415A-849D-581529A8057B}.Release|x64.Build.0 = Release|Any CPU
		{5BE7F856-14D2-415A-849D-581529A8057B}.Release|x86.ActiveCfg = Release|Any CPU
		{5BE7F856-14D2-415A-849D-581529A8057B}.Release|x86.Build.0 = Release|Any CPU
		{47558BFF-0CE8-4AD6-9048-CFC6E3989AB5}.Debug|Any CPU.ActiveCfg = Debug|Any CPU
		{47558BFF-0CE8-4AD6-9048-CFC6E3989AB5}.Debug|Any CPU.Build.0 = Debug|Any CPU
		{47558BFF-0CE8-4AD6-9048-CFC6E3989AB5}.Debug|ARM64.ActiveCfg = Debug|Any CPU
		{47558BFF-0CE8-4AD6-9048-CFC6E3989AB5}.Debug|ARM64.Build.0 = Debug|Any CPU
		{47558BFF-0CE8-4AD6-9048-CFC6E3989AB5}.Debug|x64.ActiveCfg = Debug|Any CPU
		{47558BFF-0CE8-4AD6-9048-CFC6E3989AB5}.Debug|x64.Build.0 = Debug|Any CPU
		{47558BFF-0CE8-4AD6-9048-CFC6E3989AB5}.Debug|x86.ActiveCfg = Debug|Any CPU
		{47558BFF-0CE8-4AD6-9048-CFC6E3989AB5}.Debug|x86.Build.0 = Debug|Any CPU
		{47558BFF-0CE8-4AD6-9048-CFC6E3989AB5}.Release|Any CPU.ActiveCfg = Release|Any CPU
		{47558BFF-0CE8-4AD6-9048-CFC6E3989AB5}.Release|Any CPU.Build.0 = Release|Any CPU
		{47558BFF-0CE8-4AD6-9048-CFC6E3989AB5}.Release|ARM64.ActiveCfg = Release|Any CPU
		{47558BFF-0CE8-4AD6-9048-CFC6E3989AB5}.Release|ARM64.Build.0 = Release|Any CPU
		{47558BFF-0CE8-4AD6-9048-CFC6E3989AB5}.Release|x64.ActiveCfg = Release|Any CPU
		{47558BFF-0CE8-4AD6-9048-CFC6E3989AB5}.Release|x64.Build.0 = Release|Any CPU
		{47558BFF-0CE8-4AD6-9048-CFC6E3989AB5}.Release|x86.ActiveCfg = Release|Any CPU
		{47558BFF-0CE8-4AD6-9048-CFC6E3989AB5}.Release|x86.Build.0 = Release|Any CPU
	EndGlobalSection
	GlobalSection(SolutionProperties) = preSolution
		HideSolutionNode = FALSE
	EndGlobalSection
	GlobalSection(NestedProjects) = preSolution
		{596D1F4F-0F82-4369-B668-730F9BC33916} = {2D2DC318-2FA7-4BB2-8F5F-65E7A8BB6CAE}
		{75012D81-1F89-45BD-AB8A-37B80A282971} = {8669820D-6292-4E6C-BE18-8F3A30BA84A5}
		{D31486E4-C624-46E4-AF73-E7AE555FF929} = {8669820D-6292-4E6C-BE18-8F3A30BA84A5}
		{7F2D091C-8DB2-4D97-B098-CA5FF718DF72} = {E368792D-79F2-406A-9459-CEB361E72AA2}
		{EA33B048-20DC-42F1-A1CD-007E26A77D4F} = {E368792D-79F2-406A-9459-CEB361E72AA2}
		{A4119471-0588-48AB-B2E4-E8B774C7F2D4} = {8669820D-6292-4E6C-BE18-8F3A30BA84A5}
		{F91A3A2C-57FF-4D23-A2AD-82849B76BE72} = {E368792D-79F2-406A-9459-CEB361E72AA2}
		{C933E645-A128-467B-BFF0-64DE0F4020BC} = {860C9E89-443C-434A-A9A1-7F0D295BC82A}
		{52BC681B-CD09-4725-8314-BAF7B5C51443} = {860C9E89-443C-434A-A9A1-7F0D295BC82A}
		{345999A4-AFDF-4310-8005-28EEE24DFAD2} = {C92B12EF-3F5E-40F5-AAEA-D226B9C03BE6}
		{994D78D2-1C25-4E51-BF0F-BC2938CA78FE} = {C92B12EF-3F5E-40F5-AAEA-D226B9C03BE6}
		{28A6E02D-223C-4502-8067-D4AE5FEE2919} = {BEF06719-A49C-4777-BA0F-DFA46CE66CBB}
		{56911732-9D70-454E-863C-2AD98CE89C86} = {8669820D-6292-4E6C-BE18-8F3A30BA84A5}
		{824CF03F-E7EB-4543-8FDE-F29884C737FD} = {860C9E89-443C-434A-A9A1-7F0D295BC82A}
		{6D2FB809-D864-4266-9E93-2CB09C361D55} = {8669820D-6292-4E6C-BE18-8F3A30BA84A5}
		{77CE5017-D31A-4874-9444-C5BBF436466F} = {C92B12EF-3F5E-40F5-AAEA-D226B9C03BE6}
		{6CACA4D4-05D8-4E32-AC33-9D92841E133F} = {860C9E89-443C-434A-A9A1-7F0D295BC82A}
		{B4F6C92B-BD18-468D-A76D-29B35B651FBD} = {860C9E89-443C-434A-A9A1-7F0D295BC82A}
		{6B39AC0D-61CB-4FEE-91AA-67671C2D760F} = {C92B12EF-3F5E-40F5-AAEA-D226B9C03BE6}
		{9EDE1006-B56F-44DC-ADBC-EBD9F49F04B0} = {8669820D-6292-4E6C-BE18-8F3A30BA84A5}
		{79CB74BE-C997-4D9B-ADFC-F6BF0DDC8F35} = {860C9E89-443C-434A-A9A1-7F0D295BC82A}
		{03A35715-2F0A-410A-9554-5908CBFBD8B0} = {8669820D-6292-4E6C-BE18-8F3A30BA84A5}
		{5FD45640-8133-4AB4-AAB8-CE4A8BAC2045} = {C92B12EF-3F5E-40F5-AAEA-D226B9C03BE6}
		{C446E85A-FD6F-42EF-87E9-9C58140F95E5} = {860C9E89-443C-434A-A9A1-7F0D295BC82A}
		{1B794941-E522-45A3-8100-3342677BEE8E} = {860C9E89-443C-434A-A9A1-7F0D295BC82A}
		{80F055DA-9E87-424E-AFEA-BAE6715B14DD} = {8669820D-6292-4E6C-BE18-8F3A30BA84A5}
		{68E5F816-75A0-4CED-A4EF-B128B748C04E} = {C92B12EF-3F5E-40F5-AAEA-D226B9C03BE6}
		{E601C482-BEDB-463D-8D2C-249A88BD61B1} = {8669820D-6292-4E6C-BE18-8F3A30BA84A5}
		{E368792D-79F2-406A-9459-CEB361E72AA2} = {8669820D-6292-4E6C-BE18-8F3A30BA84A5}
		{DE568D99-A8FF-454A-8429-44D82560748E} = {E368792D-79F2-406A-9459-CEB361E72AA2}
		{BEF06719-A49C-4777-BA0F-DFA46CE66CBB} = {C92B12EF-3F5E-40F5-AAEA-D226B9C03BE6}
		{A4B0AD01-3F29-4053-B8B8-720F85E4A7DA} = {BEF06719-A49C-4777-BA0F-DFA46CE66CBB}
		{5BE7F856-14D2-415A-849D-581529A8057B} = {BEF06719-A49C-4777-BA0F-DFA46CE66CBB}
		{47558BFF-0CE8-4AD6-9048-CFC6E3989AB5} = {860C9E89-443C-434A-A9A1-7F0D295BC82A}
	EndGlobalSection
	GlobalSection(ExtensibilityGlobals) = postSolution
		SolutionGuid = {123A64AB-B44E-4BDA-A886-D3A9D1240627}
	EndGlobalSection
EndGlobal
